
Microsoft Visual Studio Solution File, Format Version 12.00
# Visual Studio 2015
Project("{FAE04EC0-301F-11D3-BF4B-00C04F79EFBC}") = "Programming.CSharp", "Programming.CSharp.csproj", "{A95C8EA2-4C8C-2D40-63C3-9F792EF22D78}"
EndProject
Project("{FAE04EC0-301F-11D3-BF4B-00C04F79EFBC}") = "Programming.CSharp.Editor", "Programming.CSharp.Editor.csproj", "{C8CA6406-3A69-5054-8979-85576D4C43C1}"
EndProject
Global
	GlobalSection(SolutionConfigurationPlatforms) = preSolution
		Debug|Any CPU = Debug|Any CPU
		Release|Any CPU = Release|Any CPU
	EndGlobalSection
	GlobalSection(ProjectConfigurationPlatforms) = postSolution
		{A95C8EA2-4C8C-2D40-63C3-9F792EF22D78}.Debug|Any CPU.ActiveCfg = Debug|Any CPU
		{A95C8EA2-4C8C-2D40-63C3-9F792EF22D78}.Debug|Any CPU.Build.0 = Debug|Any CPU
		{A95C8EA2-4C8C-2D40-63C3-9F792EF22D78}.Release|Any CPU.ActiveCfg = Release|Any CPU
		{A95C8EA2-4C8C-2D40-63C3-9F792EF22D78}.Release|Any CPU.Build.0 = Release|Any CPU
		{C8CA6406-3A69-5054-8979-85576D4C43C1}.Debug|Any CPU.ActiveCfg = Debug|Any CPU
		{C8CA6406-3A69-5054-8979-85576D4C43C1}.Debug|Any CPU.Build.0 = Debug|Any CPU
		{C8CA6406-3A69-5054-8979-85576D4C43C1}.Release|Any CPU.ActiveCfg = Release|Any CPU
		{C8CA6406-3A69-5054-8979-85576D4C43C1}.Release|Any CPU.Build.0 = Release|Any CPU
	EndGlobalSection
	GlobalSection(SolutionProperties) = preSolution
		HideSolutionNode = FALSE
	EndGlobalSection
EndGlobal
