
Microsoft Visual Studio Solution File, Format Version 12.00
# Visual Studio 2015
Project("{FAE04EC0-301F-11D3-BF4B-00C04F79EFBC}") = "Progamming.CSharp", "Progamming.CSharp.csproj", "{DEA4B6BA-4141-3168-6F71-3D7ED8916E67}"
EndProject
Project("{FAE04EC0-301F-11D3-BF4B-00C04F79EFBC}") = "Progamming.CSharp.Editor", "Progamming.CSharp.Editor.csproj", "{4C2B2D82-727A-E62E-1111-EBFDE85BB067}"
EndProject
Global
	GlobalSection(SolutionConfigurationPlatforms) = preSolution
		Debug|Any CPU = Debug|Any CPU
		Release|Any CPU = Release|Any CPU
	EndGlobalSection
	GlobalSection(ProjectConfigurationPlatforms) = postSolution
		{DEA4B6BA-4141-3168-6F71-3D7ED8916E67}.Debug|Any CPU.ActiveCfg = Debug|Any CPU
		{DEA4B6BA-4141-3168-6F71-3D7ED8916E67}.Debug|Any CPU.Build.0 = Debug|Any CPU
		{DEA4B6BA-4141-3168-6F71-3D7ED8916E67}.Release|Any CPU.ActiveCfg = Release|Any CPU
		{DEA4B6BA-4141-3168-6F71-3D7ED8916E67}.Release|Any CPU.Build.0 = Release|Any CPU
		{4C2B2D82-727A-E62E-1111-EBFDE85BB067}.Debug|Any CPU.ActiveCfg = Debug|Any CPU
		{4C2B2D82-727A-E62E-1111-EBFDE85BB067}.Debug|Any CPU.Build.0 = Debug|Any CPU
		{4C2B2D82-727A-E62E-1111-EBFDE85BB067}.Release|Any CPU.ActiveCfg = Release|Any CPU
		{4C2B2D82-727A-E62E-1111-EBFDE85BB067}.Release|Any CPU.Build.0 = Release|Any CPU
	EndGlobalSection
	GlobalSection(SolutionProperties) = preSolution
		HideSolutionNode = FALSE
	EndGlobalSection
EndGlobal
